
Microsoft Visual Studio Solution File, Format Version 12.00
# Visual Studio Version 17
VisualStudioVersion = 17.14.36518.9 d17.14
MinimumVisualStudioVersion = 10.0.40219.1
Project("{FAE04EC0-301F-11D3-BF4B-00C04F79EFBC}") = "Final Project", "Final Project.csproj", "{BC162118-42BE-4A90-AC68-18D9BC9EDEA1}"
EndProject
Global
	GlobalSection(SolutionConfigurationPlatforms) = preSolution
		Debug|Any CPU = Debug|Any CPU
		Release|Any CPU = Release|Any CPU
	EndGlobalSection
	GlobalSection(ProjectConfigurationPlatforms) = postSolution
		{BC162118-42BE-4A90-AC68-18D9BC9EDEA1}.Debug|Any CPU.ActiveCfg = Debug|Any CPU
		{BC162118-42BE-4A90-AC68-18D9BC9EDEA1}.Debug|Any CPU.Build.0 = Debug|Any CPU
		{BC162118-42BE-4A90-AC68-18D9BC9EDEA1}.Release|Any CPU.ActiveCfg = Release|Any CPU
		{BC162118-42BE-4A90-AC68-18D9BC9EDEA1}.Release|Any CPU.Build.0 = Release|Any CPU
	EndGlobalSection
	GlobalSection(SolutionProperties) = preSolution
		HideSolutionNode = FALSE
	EndGlobalSection
	GlobalSection(ExtensibilityGlobals) = postSolution
		SolutionGuid = {642B6A5B-079C-4EC9-932E-B21661CFFEAE}
	EndGlobalSection
EndGlobal
